// !$*UTF8*$!
{
	archiveVersion = 1;
	classes = {
	};
	objectVersion = 48;
	objects = {

/* Begin PBXBuildFile section */
		5E2964F32192E3FB008878E7 /* LoginViewController.swift in Sources */ = {isa = PBXBuildFile; fileRef = 5E2964F22192E3FB008878E7 /* LoginViewController.swift */; };
		5E54C4A2216AC81000853020 /* ClanBattlesService.swift in Sources */ = {isa = PBXBuildFile; fileRef = 5E54C4A1216AC81000853020 /* ClanBattlesService.swift */; };
		5E54C4A6216AFB2100853020 /* Game.swift in Sources */ = {isa = PBXBuildFile; fileRef = 5E54C4A5216AFB2100853020 /* Game.swift */; };
		5E54C508216B452C00853020 /* home_icon.png in Resources */ = {isa = PBXBuildFile; fileRef = E3F55348216903AC008821FD /* home_icon.png */; };
		5E54C509216B453200853020 /* backgr.png in Resources */ = {isa = PBXBuildFile; fileRef = E3F553442168FA69008821FD /* backgr.png */; };
		5E54C50A216B453800853020 /* logo.png in Resources */ = {isa = PBXBuildFile; fileRef = E3F5534721690110008821FD /* logo.png */; };
		5E54C50B216B453C00853020 /* ranking-cup.png in Resources */ = {isa = PBXBuildFile; fileRef = E3F5534921690562008821FD /* ranking-cup.png */; };
		5E54C50C216B453F00853020 /* map_icon.png in Resources */ = {isa = PBXBuildFile; fileRef = E3F5534A21690562008821FD /* map_icon.png */; };
		5E54C50D216B454100853020 /* chat_logo.png in Resources */ = {isa = PBXBuildFile; fileRef = E3F5534B21690562008821FD /* chat_logo.png */; };
		5E54C52C216C454E00853020 /* placeholder.png in Resources */ = {isa = PBXBuildFile; fileRef = 5E54C52B216C454C00853020 /* placeholder.png */; };
		5E54C52E216C48B700853020 /* GameCell.swift in Sources */ = {isa = PBXBuildFile; fileRef = 5E54C52D216C48B700853020 /* GameCell.swift */; };
		7EC621FA5A0ED86BB23AB778 /* Pods_iClanBattles.framework in Frameworks */ = {isa = PBXBuildFile; fileRef = 92D3917783000B5CFDC44F6E /* Pods_iClanBattles.framework */; };
		E36828DB217FAF5D009FD87A /* Clan.swift in Sources */ = {isa = PBXBuildFile; fileRef = E36828DA217FAF5D009FD87A /* Clan.swift */; };
		E36828F2217FB0E3009FD87A /* ClanViewController.swift in Sources */ = {isa = PBXBuildFile; fileRef = E36828F1217FB0E3009FD87A /* ClanViewController.swift */; };
		E36828F4217FB5E4009FD87A /* ClanCell.swift in Sources */ = {isa = PBXBuildFile; fileRef = E36828F3217FB5E4009FD87A /* ClanCell.swift */; };
		E36828F9217FC90F009FD87A /* TabBarViewController.swift in Sources */ = {isa = PBXBuildFile; fileRef = E36828F8217FC90F009FD87A /* TabBarViewController.swift */; };
		E36828FC217FD151009FD87A /* ClanBattlesData.xcdatamodeld in Sources */ = {isa = PBXBuildFile; fileRef = E36828FA217FD151009FD87A /* ClanBattlesData.xcdatamodeld */; };
		E36828FE217FD1FF009FD87A /* ClanBattlesStore.swift in Sources */ = {isa = PBXBuildFile; fileRef = E36828FD217FD1FF009FD87A /* ClanBattlesStore.swift */; };
		E3711EA6217FEC11004A35E8 /* AddPublicationViewController.swift in Sources */ = {isa = PBXBuildFile; fileRef = E3711EA5217FEC11004A35E8 /* AddPublicationViewController.swift */; };
		E37395EE217E2A3F00DE3058 /* Publication.swift in Sources */ = {isa = PBXBuildFile; fileRef = E37395ED217E2A3F00DE3058 /* Publication.swift */; };
		E393C779213B5F3C00638FC5 /* AppDelegate.swift in Sources */ = {isa = PBXBuildFile; fileRef = E393C778213B5F3C00638FC5 /* AppDelegate.swift */; };
		E393C77B213B5F3C00638FC5 /* GamesViewController.swift in Sources */ = {isa = PBXBuildFile; fileRef = E393C77A213B5F3C00638FC5 /* GamesViewController.swift */; };
		E393C77E213B5F3C00638FC5 /* Main.storyboard in Resources */ = {isa = PBXBuildFile; fileRef = E393C77C213B5F3C00638FC5 /* Main.storyboard */; };
		E393C780213B5F3C00638FC5 /* Assets.xcassets in Resources */ = {isa = PBXBuildFile; fileRef = E393C77F213B5F3C00638FC5 /* Assets.xcassets */; };
		E393C783213B5F3C00638FC5 /* LaunchScreen.storyboard in Resources */ = {isa = PBXBuildFile; fileRef = E393C781213B5F3C00638FC5 /* LaunchScreen.storyboard */; };
		E393C78E213B5F3E00638FC5 /* iClanBattlesTests.swift in Sources */ = {isa = PBXBuildFile; fileRef = E393C78D213B5F3E00638FC5 /* iClanBattlesTests.swift */; };
		E393C799213B5F3F00638FC5 /* iClanBattlesUITests.swift in Sources */ = {isa = PBXBuildFile; fileRef = E393C798213B5F3F00638FC5 /* iClanBattlesUITests.swift */; };
		E3B73FBE219C7CE500ED30F8 /* GoogleService-Info.plist in Resources */ = {isa = PBXBuildFile; fileRef = E3B73FBD219C7CE400ED30F8 /* GoogleService-Info.plist */; };
		E3D29110217F82A500E4DBA9 /* PublicationCollectionViewController.swift in Sources */ = {isa = PBXBuildFile; fileRef = E3D2910F217F82A500E4DBA9 /* PublicationCollectionViewController.swift */; };
		E3D29129217F8D9A00E4DBA9 /* PublicatCell.swift in Sources */ = {isa = PBXBuildFile; fileRef = E3D29128217F8D9A00E4DBA9 /* PublicatCell.swift */; };
		E3F553462168FFB5008821FD /* Login.storyboard in Resources */ = {isa = PBXBuildFile; fileRef = E3F553452168FFB5008821FD /* Login.storyboard */; };
/* End PBXBuildFile section */

/* Begin PBXContainerItemProxy section */
		E393C78A213B5F3E00638FC5 /* PBXContainerItemProxy */ = {
			isa = PBXContainerItemProxy;
			containerPortal = E393C76D213B5F3A00638FC5 /* Project object */;
			proxyType = 1;
			remoteGlobalIDString = E393C774213B5F3A00638FC5;
			remoteInfo = Test;
		};
		E393C795213B5F3F00638FC5 /* PBXContainerItemProxy */ = {
			isa = PBXContainerItemProxy;
			containerPortal = E393C76D213B5F3A00638FC5 /* Project object */;
			proxyType = 1;
			remoteGlobalIDString = E393C774213B5F3A00638FC5;
			remoteInfo = Test;
		};
/* End PBXContainerItemProxy section */

/* Begin PBXFileReference section */
		5E2964F22192E3FB008878E7 /* LoginViewController.swift */ = {isa = PBXFileReference; lastKnownFileType = sourcecode.swift; path = LoginViewController.swift; sourceTree = "<group>"; };
		5E54C4A1216AC81000853020 /* ClanBattlesService.swift */ = {isa = PBXFileReference; lastKnownFileType = sourcecode.swift; path = ClanBattlesService.swift; sourceTree = "<group>"; };
		5E54C4A5216AFB2100853020 /* Game.swift */ = {isa = PBXFileReference; fileEncoding = 4; lastKnownFileType = sourcecode.swift; path = Game.swift; sourceTree = "<group>"; };
		5E54C52B216C454C00853020 /* placeholder.png */ = {isa = PBXFileReference; lastKnownFileType = image.png; path = placeholder.png; sourceTree = "<group>"; };
		5E54C52D216C48B700853020 /* GameCell.swift */ = {isa = PBXFileReference; lastKnownFileType = sourcecode.swift; path = GameCell.swift; sourceTree = "<group>"; };
		698AA7858120A98F1A9B02B7 /* Pods-iClanBattles.release.xcconfig */ = {isa = PBXFileReference; includeInIndex = 1; lastKnownFileType = text.xcconfig; name = "Pods-iClanBattles.release.xcconfig"; path = "Pods/Target Support Files/Pods-iClanBattles/Pods-iClanBattles.release.xcconfig"; sourceTree = "<group>"; };
		6B061996AFFB70C80862D950 /* Pods-iClanBattles.debug.xcconfig */ = {isa = PBXFileReference; includeInIndex = 1; lastKnownFileType = text.xcconfig; name = "Pods-iClanBattles.debug.xcconfig"; path = "Pods/Target Support Files/Pods-iClanBattles/Pods-iClanBattles.debug.xcconfig"; sourceTree = "<group>"; };
		92D3917783000B5CFDC44F6E /* Pods_iClanBattles.framework */ = {isa = PBXFileReference; explicitFileType = wrapper.framework; includeInIndex = 0; path = Pods_iClanBattles.framework; sourceTree = BUILT_PRODUCTS_DIR; };
		E36828DA217FAF5D009FD87A /* Clan.swift */ = {isa = PBXFileReference; lastKnownFileType = sourcecode.swift; path = Clan.swift; sourceTree = "<group>"; };
		E36828F1217FB0E3009FD87A /* ClanViewController.swift */ = {isa = PBXFileReference; lastKnownFileType = sourcecode.swift; path = ClanViewController.swift; sourceTree = "<group>"; };
		E36828F3217FB5E4009FD87A /* ClanCell.swift */ = {isa = PBXFileReference; lastKnownFileType = sourcecode.swift; path = ClanCell.swift; sourceTree = "<group>"; };
		E36828F8217FC90F009FD87A /* TabBarViewController.swift */ = {isa = PBXFileReference; lastKnownFileType = sourcecode.swift; path = TabBarViewController.swift; sourceTree = "<group>"; };
		E36828FB217FD151009FD87A /* ClanBattlesData.xcdatamodel */ = {isa = PBXFileReference; lastKnownFileType = wrapper.xcdatamodel; path = ClanBattlesData.xcdatamodel; sourceTree = "<group>"; };
		E36828FD217FD1FF009FD87A /* ClanBattlesStore.swift */ = {isa = PBXFileReference; lastKnownFileType = sourcecode.swift; path = ClanBattlesStore.swift; sourceTree = "<group>"; };
		E3711EA5217FEC11004A35E8 /* AddPublicationViewController.swift */ = {isa = PBXFileReference; lastKnownFileType = sourcecode.swift; path = AddPublicationViewController.swift; sourceTree = "<group>"; };
		E37395ED217E2A3F00DE3058 /* Publication.swift */ = {isa = PBXFileReference; lastKnownFileType = sourcecode.swift; path = Publication.swift; sourceTree = "<group>"; };
		E393C775213B5F3B00638FC5 /* iClanBattles.app */ = {isa = PBXFileReference; explicitFileType = wrapper.application; includeInIndex = 0; path = iClanBattles.app; sourceTree = BUILT_PRODUCTS_DIR; };
		E393C778213B5F3C00638FC5 /* AppDelegate.swift */ = {isa = PBXFileReference; lastKnownFileType = sourcecode.swift; path = AppDelegate.swift; sourceTree = "<group>"; };
		E393C77A213B5F3C00638FC5 /* GamesViewController.swift */ = {isa = PBXFileReference; lastKnownFileType = sourcecode.swift; path = GamesViewController.swift; sourceTree = "<group>"; };
		E393C77D213B5F3C00638FC5 /* Base */ = {isa = PBXFileReference; lastKnownFileType = file.storyboard; name = Base; path = Base.lproj/Main.storyboard; sourceTree = "<group>"; };
		E393C77F213B5F3C00638FC5 /* Assets.xcassets */ = {isa = PBXFileReference; lastKnownFileType = folder.assetcatalog; path = Assets.xcassets; sourceTree = "<group>"; };
		E393C782213B5F3C00638FC5 /* Base */ = {isa = PBXFileReference; lastKnownFileType = file.storyboard; name = Base; path = Base.lproj/LaunchScreen.storyboard; sourceTree = "<group>"; };
		E393C784213B5F3C00638FC5 /* Info.plist */ = {isa = PBXFileReference; lastKnownFileType = text.plist.xml; path = Info.plist; sourceTree = "<group>"; };
		E393C789213B5F3E00638FC5 /* TestTests.xctest */ = {isa = PBXFileReference; explicitFileType = wrapper.cfbundle; includeInIndex = 0; path = TestTests.xctest; sourceTree = BUILT_PRODUCTS_DIR; };
		E393C78D213B5F3E00638FC5 /* iClanBattlesTests.swift */ = {isa = PBXFileReference; lastKnownFileType = sourcecode.swift; path = iClanBattlesTests.swift; sourceTree = "<group>"; };
		E393C78F213B5F3E00638FC5 /* Info.plist */ = {isa = PBXFileReference; lastKnownFileType = text.plist.xml; path = Info.plist; sourceTree = "<group>"; };
		E393C794213B5F3F00638FC5 /* TestUITests.xctest */ = {isa = PBXFileReference; explicitFileType = wrapper.cfbundle; includeInIndex = 0; path = TestUITests.xctest; sourceTree = BUILT_PRODUCTS_DIR; };
		E393C798213B5F3F00638FC5 /* iClanBattlesUITests.swift */ = {isa = PBXFileReference; lastKnownFileType = sourcecode.swift; path = iClanBattlesUITests.swift; sourceTree = "<group>"; };
		E393C79A213B5F3F00638FC5 /* Info.plist */ = {isa = PBXFileReference; lastKnownFileType = text.plist.xml; path = Info.plist; sourceTree = "<group>"; };
		E3B73FBD219C7CE400ED30F8 /* GoogleService-Info.plist */ = {isa = PBXFileReference; fileEncoding = 4; lastKnownFileType = text.plist.xml; name = "GoogleService-Info.plist"; path = "../../../Downloads/GoogleService-Info.plist"; sourceTree = "<group>"; };
		E3D2910F217F82A500E4DBA9 /* PublicationCollectionViewController.swift */ = {isa = PBXFileReference; lastKnownFileType = sourcecode.swift; path = PublicationCollectionViewController.swift; sourceTree = "<group>"; };
		E3D29128217F8D9A00E4DBA9 /* PublicatCell.swift */ = {isa = PBXFileReference; lastKnownFileType = sourcecode.swift; path = PublicatCell.swift; sourceTree = "<group>"; };
		E3F553442168FA69008821FD /* backgr.png */ = {isa = PBXFileReference; lastKnownFileType = image.png; path = backgr.png; sourceTree = "<group>"; };
		E3F553452168FFB5008821FD /* Login.storyboard */ = {isa = PBXFileReference; lastKnownFileType = file.storyboard; path = Login.storyboard; sourceTree = "<group>"; };
		E3F5534721690110008821FD /* logo.png */ = {isa = PBXFileReference; lastKnownFileType = image.png; path = logo.png; sourceTree = "<group>"; };
		E3F55348216903AC008821FD /* home_icon.png */ = {isa = PBXFileReference; lastKnownFileType = image.png; path = home_icon.png; sourceTree = "<group>"; };
		E3F5534921690562008821FD /* ranking-cup.png */ = {isa = PBXFileReference; lastKnownFileType = image.png; path = "ranking-cup.png"; sourceTree = "<group>"; };
		E3F5534A21690562008821FD /* map_icon.png */ = {isa = PBXFileReference; lastKnownFileType = image.png; path = map_icon.png; sourceTree = "<group>"; };
		E3F5534B21690562008821FD /* chat_logo.png */ = {isa = PBXFileReference; lastKnownFileType = image.png; path = chat_logo.png; sourceTree = "<group>"; };
/* End PBXFileReference section */

/* Begin PBXFrameworksBuildPhase section */
		E393C772213B5F3A00638FC5 /* Frameworks */ = {
			isa = PBXFrameworksBuildPhase;
			buildActionMask = 2147483647;
			files = (
				7EC621FA5A0ED86BB23AB778 /* Pods_iClanBattles.framework in Frameworks */,
			);
			runOnlyForDeploymentPostprocessing = 0;
		};
		E393C786213B5F3E00638FC5 /* Frameworks */ = {
			isa = PBXFrameworksBuildPhase;
			buildActionMask = 2147483647;
			files = (
			);
			runOnlyForDeploymentPostprocessing = 0;
		};
		E393C791213B5F3F00638FC5 /* Frameworks */ = {
			isa = PBXFrameworksBuildPhase;
			buildActionMask = 2147483647;
			files = (
			);
			runOnlyForDeploymentPostprocessing = 0;
		};
/* End PBXFrameworksBuildPhase section */

/* Begin PBXGroup section */
		5E54C49E216AC71E00853020 /* Model */ = {
			isa = PBXGroup;
			children = (
				5E54C4A5216AFB2100853020 /* Game.swift */,
				E37395ED217E2A3F00DE3058 /* Publication.swift */,
				E36828DA217FAF5D009FD87A /* Clan.swift */,
				E36828FD217FD1FF009FD87A /* ClanBattlesStore.swift */,
			);
			path = Model;
			sourceTree = "<group>";
		};
		5E54C49F216AC7C300853020 /* ViewController */ = {
			isa = PBXGroup;
			children = (
				E393C77A213B5F3C00638FC5 /* GamesViewController.swift */,
				5E54C52D216C48B700853020 /* GameCell.swift */,
				E3D2910F217F82A500E4DBA9 /* PublicationCollectionViewController.swift */,
				E3D29128217F8D9A00E4DBA9 /* PublicatCell.swift */,
				E36828F1217FB0E3009FD87A /* ClanViewController.swift */,
				E36828F3217FB5E4009FD87A /* ClanCell.swift */,
				E36828F8217FC90F009FD87A /* TabBarViewController.swift */,
				E3711EA5217FEC11004A35E8 /* AddPublicationViewController.swift */,
				5E2964F22192E3FB008878E7 /* LoginViewController.swift */,
			);
			path = ViewController;
			sourceTree = "<group>";
		};
		5E54C4A0216AC7D100853020 /* Network */ = {
			isa = PBXGroup;
			children = (
				5E54C4A1216AC81000853020 /* ClanBattlesService.swift */,
			);
			path = Network;
			sourceTree = "<group>";
		};
		5E54C4A8216AFD3000853020 /* Frameworks */ = {
			isa = PBXGroup;
			children = (
				92D3917783000B5CFDC44F6E /* Pods_iClanBattles.framework */,
			);
			name = Frameworks;
			sourceTree = "<group>";
		};
		E393C76C213B5F3A00638FC5 = {
			isa = PBXGroup;
			children = (
				E3F553432168F9A1008821FD /* resources */,
				E393C777213B5F3B00638FC5 /* iClanBattles */,
				E393C78C213B5F3E00638FC5 /* iClanBattlesTests */,
				E393C797213B5F3F00638FC5 /* iClanBattlesUITests */,
				E393C776213B5F3B00638FC5 /* Products */,
				5E54C4A8216AFD3000853020 /* Frameworks */,
				E785ED91AF00F53E30615B16 /* Pods */,
			);
			sourceTree = "<group>";
		};
		E393C776213B5F3B00638FC5 /* Products */ = {
			isa = PBXGroup;
			children = (
				E393C775213B5F3B00638FC5 /* iClanBattles.app */,
				E393C789213B5F3E00638FC5 /* TestTests.xctest */,
				E393C794213B5F3F00638FC5 /* TestUITests.xctest */,
			);
			name = Products;
			sourceTree = "<group>";
		};
		E393C777213B5F3B00638FC5 /* iClanBattles */ = {
			isa = PBXGroup;
			children = (
				5E54C49F216AC7C300853020 /* ViewController */,
				5E54C4A0216AC7D100853020 /* Network */,
				5E54C49E216AC71E00853020 /* Model */,
				E393C778213B5F3C00638FC5 /* AppDelegate.swift */,
				E393C77C213B5F3C00638FC5 /* Main.storyboard */,
				E393C77F213B5F3C00638FC5 /* Assets.xcassets */,
				E3F553452168FFB5008821FD /* Login.storyboard */,
				E393C781213B5F3C00638FC5 /* LaunchScreen.storyboard */,
				E393C784213B5F3C00638FC5 /* Info.plist */,
				E3B73FBD219C7CE400ED30F8 /* GoogleService-Info.plist */,
				E36828FA217FD151009FD87A /* ClanBattlesData.xcdatamodeld */,
			);
			path = iClanBattles;
			sourceTree = "<group>";
		};
		E393C78C213B5F3E00638FC5 /* iClanBattlesTests */ = {
			isa = PBXGroup;
			children = (
				E393C78D213B5F3E00638FC5 /* iClanBattlesTests.swift */,
				E393C78F213B5F3E00638FC5 /* Info.plist */,
			);
			path = iClanBattlesTests;
			sourceTree = "<group>";
		};
		E393C797213B5F3F00638FC5 /* iClanBattlesUITests */ = {
			isa = PBXGroup;
			children = (
				E393C798213B5F3F00638FC5 /* iClanBattlesUITests.swift */,
				E393C79A213B5F3F00638FC5 /* Info.plist */,
			);
			path = iClanBattlesUITests;
			sourceTree = "<group>";
		};
		E3F553432168F9A1008821FD /* resources */ = {
			isa = PBXGroup;
			children = (
				5E54C52B216C454C00853020 /* placeholder.png */,
				E3F5534B21690562008821FD /* chat_logo.png */,
				E3F5534A21690562008821FD /* map_icon.png */,
				E3F5534921690562008821FD /* ranking-cup.png */,
				E3F5534721690110008821FD /* logo.png */,
				E3F553442168FA69008821FD /* backgr.png */,
				E3F55348216903AC008821FD /* home_icon.png */,
			);
			path = resources;
			sourceTree = "<group>";
		};
		E785ED91AF00F53E30615B16 /* Pods */ = {
			isa = PBXGroup;
			children = (
				6B061996AFFB70C80862D950 /* Pods-iClanBattles.debug.xcconfig */,
				698AA7858120A98F1A9B02B7 /* Pods-iClanBattles.release.xcconfig */,
			);
			name = Pods;
			sourceTree = "<group>";
		};
/* End PBXGroup section */

/* Begin PBXNativeTarget section */
		E393C774213B5F3A00638FC5 /* iClanBattles */ = {
			isa = PBXNativeTarget;
			buildConfigurationList = E393C79D213B5F3F00638FC5 /* Build configuration list for PBXNativeTarget "iClanBattles" */;
			buildPhases = (
				3B28A666D9BB6D74101C843D /* [CP] Check Pods Manifest.lock */,
				E393C771213B5F3A00638FC5 /* Sources */,
				E393C772213B5F3A00638FC5 /* Frameworks */,
				E393C773213B5F3A00638FC5 /* Resources */,
				E69235F8E1AAE8BEDF45C58F /* [CP] Embed Pods Frameworks */,
				DC122794C920C8758C601501 /* [CP] Copy Pods Resources */,
			);
			buildRules = (
			);
			dependencies = (
			);
			name = iClanBattles;
			productName = Test;
			productReference = E393C775213B5F3B00638FC5 /* iClanBattles.app */;
			productType = "com.apple.product-type.application";
		};
		E393C788213B5F3E00638FC5 /* TestTests */ = {
			isa = PBXNativeTarget;
			buildConfigurationList = E393C7A0213B5F3F00638FC5 /* Build configuration list for PBXNativeTarget "TestTests" */;
			buildPhases = (
				E393C785213B5F3E00638FC5 /* Sources */,
				E393C786213B5F3E00638FC5 /* Frameworks */,
				E393C787213B5F3E00638FC5 /* Resources */,
			);
			buildRules = (
			);
			dependencies = (
				E393C78B213B5F3E00638FC5 /* PBXTargetDependency */,
			);
			name = TestTests;
			productName = TestTests;
			productReference = E393C789213B5F3E00638FC5 /* TestTests.xctest */;
			productType = "com.apple.product-type.bundle.unit-test";
		};
		E393C793213B5F3F00638FC5 /* TestUITests */ = {
			isa = PBXNativeTarget;
			buildConfigurationList = E393C7A3213B5F3F00638FC5 /* Build configuration list for PBXNativeTarget "TestUITests" */;
			buildPhases = (
				E393C790213B5F3F00638FC5 /* Sources */,
				E393C791213B5F3F00638FC5 /* Frameworks */,
				E393C792213B5F3F00638FC5 /* Resources */,
			);
			buildRules = (
			);
			dependencies = (
				E393C796213B5F3F00638FC5 /* PBXTargetDependency */,
			);
			name = TestUITests;
			productName = TestUITests;
			productReference = E393C794213B5F3F00638FC5 /* TestUITests.xctest */;
			productType = "com.apple.product-type.bundle.ui-testing";
		};
/* End PBXNativeTarget section */

/* Begin PBXProject section */
		E393C76D213B5F3A00638FC5 /* Project object */ = {
			isa = PBXProject;
			attributes = {
				LastSwiftUpdateCheck = 0900;
				LastUpgradeCheck = 0900;
				ORGANIZATIONNAME = "ALEXIS-PC";
				TargetAttributes = {
					E393C774213B5F3A00638FC5 = {
						CreatedOnToolsVersion = 9.0;
						ProvisioningStyle = Automatic;
					};
					E393C788213B5F3E00638FC5 = {
						CreatedOnToolsVersion = 9.0;
						ProvisioningStyle = Automatic;
						TestTargetID = E393C774213B5F3A00638FC5;
					};
					E393C793213B5F3F00638FC5 = {
						CreatedOnToolsVersion = 9.0;
						ProvisioningStyle = Automatic;
						TestTargetID = E393C774213B5F3A00638FC5;
					};
				};
			};
			buildConfigurationList = E393C770213B5F3A00638FC5 /* Build configuration list for PBXProject "iClanBattles" */;
			compatibilityVersion = "Xcode 8.0";
			developmentRegion = en;
			hasScannedForEncodings = 0;
			knownRegions = (
				en,
				Base,
			);
			mainGroup = E393C76C213B5F3A00638FC5;
			productRefGroup = E393C776213B5F3B00638FC5 /* Products */;
			projectDirPath = "";
			projectRoot = "";
			targets = (
				E393C774213B5F3A00638FC5 /* iClanBattles */,
				E393C788213B5F3E00638FC5 /* TestTests */,
				E393C793213B5F3F00638FC5 /* TestUITests */,
			);
		};
/* End PBXProject section */

/* Begin PBXResourcesBuildPhase section */
		E393C773213B5F3A00638FC5 /* Resources */ = {
			isa = PBXResourcesBuildPhase;
			buildActionMask = 2147483647;
			files = (
				E3F553462168FFB5008821FD /* Login.storyboard in Resources */,
				5E54C50B216B453C00853020 /* ranking-cup.png in Resources */,
				E393C783213B5F3C00638FC5 /* LaunchScreen.storyboard in Resources */,
				E393C780213B5F3C00638FC5 /* Assets.xcassets in Resources */,
				5E54C50D216B454100853020 /* chat_logo.png in Resources */,
				E3B73FBE219C7CE500ED30F8 /* GoogleService-Info.plist in Resources */,
				5E54C50C216B453F00853020 /* map_icon.png in Resources */,
				5E54C508216B452C00853020 /* home_icon.png in Resources */,
				5E54C50A216B453800853020 /* logo.png in Resources */,
				E393C77E213B5F3C00638FC5 /* Main.storyboard in Resources */,
				5E54C52C216C454E00853020 /* placeholder.png in Resources */,
				5E54C509216B453200853020 /* backgr.png in Resources */,
			);
			runOnlyForDeploymentPostprocessing = 0;
		};
		E393C787213B5F3E00638FC5 /* Resources */ = {
			isa = PBXResourcesBuildPhase;
			buildActionMask = 2147483647;
			files = (
			);
			runOnlyForDeploymentPostprocessing = 0;
		};
		E393C792213B5F3F00638FC5 /* Resources */ = {
			isa = PBXResourcesBuildPhase;
			buildActionMask = 2147483647;
			files = (
			);
			runOnlyForDeploymentPostprocessing = 0;
		};
/* End PBXResourcesBuildPhase section */

/* Begin PBXShellScriptBuildPhase section */
		3B28A666D9BB6D74101C843D /* [CP] Check Pods Manifest.lock */ = {
			isa = PBXShellScriptBuildPhase;
			buildActionMask = 2147483647;
			files = (
			);
			inputFileListPaths = (
			);
			inputPaths = (
				"${PODS_PODFILE_DIR_PATH}/Podfile.lock",
				"${PODS_ROOT}/Manifest.lock",
			);
			name = "[CP] Check Pods Manifest.lock";
			outputFileListPaths = (
			);
			outputPaths = (
				"$(DERIVED_FILE_DIR)/Pods-iClanBattles-checkManifestLockResult.txt",
			);
			runOnlyForDeploymentPostprocessing = 0;
			shellPath = /bin/sh;
			shellScript = "diff \"${PODS_PODFILE_DIR_PATH}/Podfile.lock\" \"${PODS_ROOT}/Manifest.lock\" > /dev/null\nif [ $? != 0 ] ; then\n    # print error to STDERR\n    echo \"error: The sandbox is not in sync with the Podfile.lock. Run 'pod install' or update your CocoaPods installation.\" >&2\n    exit 1\nfi\n# This output is used by Xcode 'outputs' to avoid re-running this script phase.\necho \"SUCCESS\" > \"${SCRIPT_OUTPUT_FILE_0}\"\n";
			showEnvVarsInLog = 0;
		};
		DC122794C920C8758C601501 /* [CP] Copy Pods Resources */ = {
			isa = PBXShellScriptBuildPhase;
			buildActionMask = 2147483647;
			files = (
			);
			inputFileListPaths = (
			);
			inputPaths = (
				"${SRCROOT}/Pods/Target Support Files/Pods-iClanBattles/Pods-iClanBattles-resources.sh",
				"${PODS_ROOT}/GoogleSignIn/Resources/GoogleSignIn.bundle",
			);
			name = "[CP] Copy Pods Resources";
			outputFileListPaths = (
			);
			outputPaths = (
				"${TARGET_BUILD_DIR}/${UNLOCALIZED_RESOURCES_FOLDER_PATH}/GoogleSignIn.bundle",
			);
			runOnlyForDeploymentPostprocessing = 0;
			shellPath = /bin/sh;
			shellScript = "\"${SRCROOT}/Pods/Target Support Files/Pods-iClanBattles/Pods-iClanBattles-resources.sh\"\n";
			showEnvVarsInLog = 0;
		};
		E69235F8E1AAE8BEDF45C58F /* [CP] Embed Pods Frameworks */ = {
			isa = PBXShellScriptBuildPhase;
			buildActionMask = 2147483647;
			files = (
			);
			inputFileListPaths = (
			);
			inputPaths = (
				"${SRCROOT}/Pods/Target Support Files/Pods-iClanBattles/Pods-iClanBattles-frameworks.sh",
				"${BUILT_PRODUCTS_DIR}/Alamofire/Alamofire.framework",
				"${BUILT_PRODUCTS_DIR}/AlamofireImage/AlamofireImage.framework",
				"${BUILT_PRODUCTS_DIR}/GTMOAuth2/GTMOAuth2.framework",
				"${BUILT_PRODUCTS_DIR}/GTMSessionFetcher/GTMSessionFetcher.framework",
				"${BUILT_PRODUCTS_DIR}/GoogleToolboxForMac/GoogleToolboxForMac.framework",
				"${BUILT_PRODUCTS_DIR}/GoogleUtilities/GoogleUtilities.framework",
				"${BUILT_PRODUCTS_DIR}/SVProgressHUD/SVProgressHUD.framework",
				"${BUILT_PRODUCTS_DIR}/SwiftyJSON/SwiftyJSON.framework",
				"${BUILT_PRODUCTS_DIR}/leveldb-library/leveldb.framework",
				"${BUILT_PRODUCTS_DIR}/nanopb/nanopb.framework",
			);
			name = "[CP] Embed Pods Frameworks";
			outputFileListPaths = (
			);
			outputPaths = (
				"${TARGET_BUILD_DIR}/${FRAMEWORKS_FOLDER_PATH}/Alamofire.framework",
				"${TARGET_BUILD_DIR}/${FRAMEWORKS_FOLDER_PATH}/AlamofireImage.framework",
				"${TARGET_BUILD_DIR}/${FRAMEWORKS_FOLDER_PATH}/GTMOAuth2.framework",
				"${TARGET_BUILD_DIR}/${FRAMEWORKS_FOLDER_PATH}/GTMSessionFetcher.framework",
				"${TARGET_BUILD_DIR}/${FRAMEWORKS_FOLDER_PATH}/GoogleToolboxForMac.framework",
				"${TARGET_BUILD_DIR}/${FRAMEWORKS_FOLDER_PATH}/GoogleUtilities.framework",
				"${TARGET_BUILD_DIR}/${FRAMEWORKS_FOLDER_PATH}/SVProgressHUD.framework",
				"${TARGET_BUILD_DIR}/${FRAMEWORKS_FOLDER_PATH}/SwiftyJSON.framework",
				"${TARGET_BUILD_DIR}/${FRAMEWORKS_FOLDER_PATH}/leveldb.framework",
				"${TARGET_BUILD_DIR}/${FRAMEWORKS_FOLDER_PATH}/nanopb.framework",
			);
			runOnlyForDeploymentPostprocessing = 0;
			shellPath = /bin/sh;
			shellScript = "\"${SRCROOT}/Pods/Target Support Files/Pods-iClanBattles/Pods-iClanBattles-frameworks.sh\"\n";
			showEnvVarsInLog = 0;
		};
/* End PBXShellScriptBuildPhase section */

/* Begin PBXSourcesBuildPhase section */
		E393C771213B5F3A00638FC5 /* Sources */ = {
			isa = PBXSourcesBuildPhase;
			buildActionMask = 2147483647;
			files = (
				E3D29129217F8D9A00E4DBA9 /* PublicatCell.swift in Sources */,
				E37395EE217E2A3F00DE3058 /* Publication.swift in Sources */,
				E36828F2217FB0E3009FD87A /* ClanViewController.swift in Sources */,
				5E54C52E216C48B700853020 /* GameCell.swift in Sources */,
				E36828F9217FC90F009FD87A /* TabBarViewController.swift in Sources */,
				E3D29110217F82A500E4DBA9 /* PublicationCollectionViewController.swift in Sources */,
				E393C77B213B5F3C00638FC5 /* GamesViewController.swift in Sources */,
				5E54C4A6216AFB2100853020 /* Game.swift in Sources */,
				E393C779213B5F3C00638FC5 /* AppDelegate.swift in Sources */,
				E36828FC217FD151009FD87A /* ClanBattlesData.xcdatamodeld in Sources */,
				E36828F4217FB5E4009FD87A /* ClanCell.swift in Sources */,
				5E54C4A2216AC81000853020 /* ClanBattlesService.swift in Sources */,
				5E2964F32192E3FB008878E7 /* LoginViewController.swift in Sources */,
				E3711EA6217FEC11004A35E8 /* AddPublicationViewController.swift in Sources */,
				E36828DB217FAF5D009FD87A /* Clan.swift in Sources */,
				E36828FE217FD1FF009FD87A /* ClanBattlesStore.swift in Sources */,
			);
			runOnlyForDeploymentPostprocessing = 0;
		};
		E393C785213B5F3E00638FC5 /* Sources */ = {
			isa = PBXSourcesBuildPhase;
			buildActionMask = 2147483647;
			files = (
				E393C78E213B5F3E00638FC5 /* iClanBattlesTests.swift in Sources */,
			);
			runOnlyForDeploymentPostprocessing = 0;
		};
		E393C790213B5F3F00638FC5 /* Sources */ = {
			isa = PBXSourcesBuildPhase;
			buildActionMask = 2147483647;
			files = (
				E393C799213B5F3F00638FC5 /* iClanBattlesUITests.swift in Sources */,
			);
			runOnlyForDeploymentPostprocessing = 0;
		};
/* End PBXSourcesBuildPhase section */

/* Begin PBXTargetDependency section */
		E393C78B213B5F3E00638FC5 /* PBXTargetDependency */ = {
			isa = PBXTargetDependency;
			target = E393C774213B5F3A00638FC5 /* iClanBattles */;
			targetProxy = E393C78A213B5F3E00638FC5 /* PBXContainerItemProxy */;
		};
		E393C796213B5F3F00638FC5 /* PBXTargetDependency */ = {
			isa = PBXTargetDependency;
			target = E393C774213B5F3A00638FC5 /* iClanBattles */;
			targetProxy = E393C795213B5F3F00638FC5 /* PBXContainerItemProxy */;
		};
/* End PBXTargetDependency section */

/* Begin PBXVariantGroup section */
		E393C77C213B5F3C00638FC5 /* Main.storyboard */ = {
			isa = PBXVariantGroup;
			children = (
				E393C77D213B5F3C00638FC5 /* Base */,
			);
			name = Main.storyboard;
			sourceTree = "<group>";
		};
		E393C781213B5F3C00638FC5 /* LaunchScreen.storyboard */ = {
			isa = PBXVariantGroup;
			children = (
				E393C782213B5F3C00638FC5 /* Base */,
			);
			name = LaunchScreen.storyboard;
			sourceTree = "<group>";
		};
/* End PBXVariantGroup section */

/* Begin XCBuildConfiguration section */
		E393C79B213B5F3F00638FC5 /* Debug */ = {
			isa = XCBuildConfiguration;
			buildSettings = {
				ALWAYS_SEARCH_USER_PATHS = NO;
				CLANG_ANALYZER_NONNULL = YES;
				CLANG_ANALYZER_NUMBER_OBJECT_CONVERSION = YES_AGGRESSIVE;
				CLANG_CXX_LANGUAGE_STANDARD = "gnu++14";
				CLANG_CXX_LIBRARY = "libc++";
				CLANG_ENABLE_MODULES = YES;
				CLANG_ENABLE_OBJC_ARC = YES;
				CLANG_WARN_BLOCK_CAPTURE_AUTORELEASING = YES;
				CLANG_WARN_BOOL_CONVERSION = YES;
				CLANG_WARN_COMMA = YES;
				CLANG_WARN_CONSTANT_CONVERSION = YES;
				CLANG_WARN_DIRECT_OBJC_ISA_USAGE = YES_ERROR;
				CLANG_WARN_DOCUMENTATION_COMMENTS = YES;
				CLANG_WARN_EMPTY_BODY = YES;
				CLANG_WARN_ENUM_CONVERSION = YES;
				CLANG_WARN_INFINITE_RECURSION = YES;
				CLANG_WARN_INT_CONVERSION = YES;
				CLANG_WARN_NON_LITERAL_NULL_CONVERSION = YES;
				CLANG_WARN_OBJC_LITERAL_CONVERSION = YES;
				CLANG_WARN_OBJC_ROOT_CLASS = YES_ERROR;
				CLANG_WARN_RANGE_LOOP_ANALYSIS = YES;
				CLANG_WARN_STRICT_PROTOTYPES = YES;
				CLANG_WARN_SUSPICIOUS_MOVE = YES;
				CLANG_WARN_UNGUARDED_AVAILABILITY = YES_AGGRESSIVE;
				CLANG_WARN_UNREACHABLE_CODE = YES;
				CLANG_WARN__DUPLICATE_METHOD_MATCH = YES;
				CODE_SIGN_IDENTITY = "iPhone Developer";
				COPY_PHASE_STRIP = NO;
				DEBUG_INFORMATION_FORMAT = dwarf;
				ENABLE_STRICT_OBJC_MSGSEND = YES;
				ENABLE_TESTABILITY = YES;
				GCC_C_LANGUAGE_STANDARD = gnu11;
				GCC_DYNAMIC_NO_PIC = NO;
				GCC_NO_COMMON_BLOCKS = YES;
				GCC_OPTIMIZATION_LEVEL = 0;
				GCC_PREPROCESSOR_DEFINITIONS = (
					"DEBUG=1",
					"$(inherited)",
				);
				GCC_WARN_64_TO_32_BIT_CONVERSION = YES;
				GCC_WARN_ABOUT_RETURN_TYPE = YES_ERROR;
				GCC_WARN_UNDECLARED_SELECTOR = YES;
				GCC_WARN_UNINITIALIZED_AUTOS = YES_AGGRESSIVE;
				GCC_WARN_UNUSED_FUNCTION = YES;
				GCC_WARN_UNUSED_VARIABLE = YES;
				IPHONEOS_DEPLOYMENT_TARGET = 11.0;
				MTL_ENABLE_DEBUG_INFO = YES;
				ONLY_ACTIVE_ARCH = YES;
				SDKROOT = iphoneos;
				SWIFT_ACTIVE_COMPILATION_CONDITIONS = DEBUG;
				SWIFT_OPTIMIZATION_LEVEL = "-Onone";
			};
			name = Debug;
		};
		E393C79C213B5F3F00638FC5 /* Release */ = {
			isa = XCBuildConfiguration;
			buildSettings = {
				ALWAYS_SEARCH_USER_PATHS = NO;
				CLANG_ANALYZER_NONNULL = YES;
				CLANG_ANALYZER_NUMBER_OBJECT_CONVERSION = YES_AGGRESSIVE;
				CLANG_CXX_LANGUAGE_STANDARD = "gnu++14";
				CLANG_CXX_LIBRARY = "libc++";
				CLANG_ENABLE_MODULES = YES;
				CLANG_ENABLE_OBJC_ARC = YES;
				CLANG_WARN_BLOCK_CAPTURE_AUTORELEASING = YES;
				CLANG_WARN_BOOL_CONVERSION = YES;
				CLANG_WARN_COMMA = YES;
				CLANG_WARN_CONSTANT_CONVERSION = YES;
				CLANG_WARN_DIRECT_OBJC_ISA_USAGE = YES_ERROR;
				CLANG_WARN_DOCUMENTATION_COMMENTS = YES;
				CLANG_WARN_EMPTY_BODY = YES;
				CLANG_WARN_ENUM_CONVERSION = YES;
				CLANG_WARN_INFINITE_RECURSION = YES;
				CLANG_WARN_INT_CONVERSION = YES;
				CLANG_WARN_NON_LITERAL_NULL_CONVERSION = YES;
				CLANG_WARN_OBJC_LITERAL_CONVERSION = YES;
				CLANG_WARN_OBJC_ROOT_CLASS = YES_ERROR;
				CLANG_WARN_RANGE_LOOP_ANALYSIS = YES;
				CLANG_WARN_STRICT_PROTOTYPES = YES;
				CLANG_WARN_SUSPICIOUS_MOVE = YES;
				CLANG_WARN_UNGUARDED_AVAILABILITY = YES_AGGRESSIVE;
				CLANG_WARN_UNREACHABLE_CODE = YES;
				CLANG_WARN__DUPLICATE_METHOD_MATCH = YES;
				CODE_SIGN_IDENTITY = "iPhone Developer";
				COPY_PHASE_STRIP = NO;
				DEBUG_INFORMATION_FORMAT = "dwarf-with-dsym";
				ENABLE_NS_ASSERTIONS = NO;
				ENABLE_STRICT_OBJC_MSGSEND = YES;
				GCC_C_LANGUAGE_STANDARD = gnu11;
				GCC_NO_COMMON_BLOCKS = YES;
				GCC_WARN_64_TO_32_BIT_CONVERSION = YES;
				GCC_WARN_ABOUT_RETURN_TYPE = YES_ERROR;
				GCC_WARN_UNDECLARED_SELECTOR = YES;
				GCC_WARN_UNINITIALIZED_AUTOS = YES_AGGRESSIVE;
				GCC_WARN_UNUSED_FUNCTION = YES;
				GCC_WARN_UNUSED_VARIABLE = YES;
				IPHONEOS_DEPLOYMENT_TARGET = 11.0;
				MTL_ENABLE_DEBUG_INFO = NO;
				SDKROOT = iphoneos;
				SWIFT_OPTIMIZATION_LEVEL = "-Owholemodule";
				VALIDATE_PRODUCT = YES;
			};
			name = Release;
		};
		E393C79E213B5F3F00638FC5 /* Debug */ = {
			isa = XCBuildConfiguration;
			baseConfigurationReference = 6B061996AFFB70C80862D950 /* Pods-iClanBattles.debug.xcconfig */;
			buildSettings = {
				ASSETCATALOG_COMPILER_APPICON_NAME = AppIcon;
				CODE_SIGN_STYLE = Automatic;
				INFOPLIST_FILE = "$(SRCROOT)/iClanBattles/Info.plist";
				IPHONEOS_DEPLOYMENT_TARGET = 10.0;
				LD_RUNPATH_SEARCH_PATHS = "$(inherited) @executable_path/Frameworks";
				PRODUCT_BUNDLE_IDENTIFIER = pe.edu.upc.iClanBattles;
				PRODUCT_NAME = "$(TARGET_NAME)";
				SWIFT_VERSION = 4.0;
				TARGETED_DEVICE_FAMILY = "1,2";
			};
			name = Debug;
		};
		E393C79F213B5F3F00638FC5 /* Release */ = {
			isa = XCBuildConfiguration;
			baseConfigurationReference = 698AA7858120A98F1A9B02B7 /* Pods-iClanBattles.release.xcconfig */;
			buildSettings = {
				ASSETCATALOG_COMPILER_APPICON_NAME = AppIcon;
				CODE_SIGN_STYLE = Automatic;
				INFOPLIST_FILE = "$(SRCROOT)/iClanBattles/Info.plist";
				IPHONEOS_DEPLOYMENT_TARGET = 10.0;
				LD_RUNPATH_SEARCH_PATHS = "$(inherited) @executable_path/Frameworks";
				PRODUCT_BUNDLE_IDENTIFIER = pe.edu.upc.iClanBattles;
				PRODUCT_NAME = "$(TARGET_NAME)";
				SWIFT_VERSION = 4.0;
				TARGETED_DEVICE_FAMILY = "1,2";
			};
			name = Release;
		};
		E393C7A1213B5F3F00638FC5 /* Debug */ = {
			isa = XCBuildConfiguration;
			buildSettings = {
				ALWAYS_EMBED_SWIFT_STANDARD_LIBRARIES = YES;
				BUNDLE_LOADER = "$(TEST_HOST)";
				CODE_SIGN_STYLE = Automatic;
				INFOPLIST_FILE = TestTests/Info.plist;
				LD_RUNPATH_SEARCH_PATHS = "$(inherited) @executable_path/Frameworks @loader_path/Frameworks";
				PRODUCT_BUNDLE_IDENTIFIER = UPC.TestTests;
				PRODUCT_NAME = "$(TARGET_NAME)";
				SWIFT_VERSION = 4.0;
				TARGETED_DEVICE_FAMILY = "1,2";
				TEST_HOST = "$(BUILT_PRODUCTS_DIR)/iClanBattles.app/iClanBattles";
			};
			name = Debug;
		};
		E393C7A2213B5F3F00638FC5 /* Release */ = {
			isa = XCBuildConfiguration;
			buildSettings = {
				ALWAYS_EMBED_SWIFT_STANDARD_LIBRARIES = YES;
				BUNDLE_LOADER = "$(TEST_HOST)";
				CODE_SIGN_STYLE = Automatic;
				INFOPLIST_FILE = TestTests/Info.plist;
				LD_RUNPATH_SEARCH_PATHS = "$(inherited) @executable_path/Frameworks @loader_path/Frameworks";
				PRODUCT_BUNDLE_IDENTIFIER = UPC.TestTests;
				PRODUCT_NAME = "$(TARGET_NAME)";
				SWIFT_VERSION = 4.0;
				TARGETED_DEVICE_FAMILY = "1,2";
				TEST_HOST = "$(BUILT_PRODUCTS_DIR)/iClanBattles.app/iClanBattles";
			};
			name = Release;
		};
		E393C7A4213B5F3F00638FC5 /* Debug */ = {
			isa = XCBuildConfiguration;
			buildSettings = {
				ALWAYS_EMBED_SWIFT_STANDARD_LIBRARIES = YES;
				CODE_SIGN_STYLE = Automatic;
				INFOPLIST_FILE = TestUITests/Info.plist;
				LD_RUNPATH_SEARCH_PATHS = "$(inherited) @executable_path/Frameworks @loader_path/Frameworks";
				PRODUCT_BUNDLE_IDENTIFIER = UPC.TestUITests;
				PRODUCT_NAME = "$(TARGET_NAME)";
				SWIFT_VERSION = 4.0;
				TARGETED_DEVICE_FAMILY = "1,2";
				TEST_TARGET_NAME = Test;
			};
			name = Debug;
		};
		E393C7A5213B5F3F00638FC5 /* Release */ = {
			isa = XCBuildConfiguration;
			buildSettings = {
				ALWAYS_EMBED_SWIFT_STANDARD_LIBRARIES = YES;
				CODE_SIGN_STYLE = Automatic;
				INFOPLIST_FILE = TestUITests/Info.plist;
				LD_RUNPATH_SEARCH_PATHS = "$(inherited) @executable_path/Frameworks @loader_path/Frameworks";
				PRODUCT_BUNDLE_IDENTIFIER = UPC.TestUITests;
				PRODUCT_NAME = "$(TARGET_NAME)";
				SWIFT_VERSION = 4.0;
				TARGETED_DEVICE_FAMILY = "1,2";
				TEST_TARGET_NAME = Test;
			};
			name = Release;
		};
/* End XCBuildConfiguration section */

/* Begin XCConfigurationList section */
		E393C770213B5F3A00638FC5 /* Build configuration list for PBXProject "iClanBattles" */ = {
			isa = XCConfigurationList;
			buildConfigurations = (
				E393C79B213B5F3F00638FC5 /* Debug */,
				E393C79C213B5F3F00638FC5 /* Release */,
			);
			defaultConfigurationIsVisible = 0;
			defaultConfigurationName = Release;
		};
		E393C79D213B5F3F00638FC5 /* Build configuration list for PBXNativeTarget "iClanBattles" */ = {
			isa = XCConfigurationList;
			buildConfigurations = (
				E393C79E213B5F3F00638FC5 /* Debug */,
				E393C79F213B5F3F00638FC5 /* Release */,
			);
			defaultConfigurationIsVisible = 0;
			defaultConfigurationName = Release;
		};
		E393C7A0213B5F3F00638FC5 /* Build configuration list for PBXNativeTarget "TestTests" */ = {
			isa = XCConfigurationList;
			buildConfigurations = (
				E393C7A1213B5F3F00638FC5 /* Debug */,
				E393C7A2213B5F3F00638FC5 /* Release */,
			);
			defaultConfigurationIsVisible = 0;
			defaultConfigurationName = Release;
		};
		E393C7A3213B5F3F00638FC5 /* Build configuration list for PBXNativeTarget "TestUITests" */ = {
			isa = XCConfigurationList;
			buildConfigurations = (
				E393C7A4213B5F3F00638FC5 /* Debug */,
				E393C7A5213B5F3F00638FC5 /* Release */,
			);
			defaultConfigurationIsVisible = 0;
			defaultConfigurationName = Release;
		};
/* End XCConfigurationList section */

/* Begin XCVersionGroup section */
		E36828FA217FD151009FD87A /* ClanBattlesData.xcdatamodeld */ = {
			isa = XCVersionGroup;
			children = (
				E36828FB217FD151009FD87A /* ClanBattlesData.xcdatamodel */,
			);
			currentVersion = E36828FB217FD151009FD87A /* ClanBattlesData.xcdatamodel */;
			path = ClanBattlesData.xcdatamodeld;
			sourceTree = "<group>";
			versionGroupType = wrapper.xcdatamodel;
		};
/* End XCVersionGroup section */
	};
	rootObject = E393C76D213B5F3A00638FC5 /* Project object */;
}
